
Microsoft Visual Studio Solution File, Format Version 12.00
# Visual Studio 15
VisualStudioVersion = 15.0.28307.421
MinimumVisualStudioVersion = 10.0.40219.1
Project("{FAE04EC0-301F-11D3-BF4B-00C04F79EFBC}") = "OpenCvXamarin", "OpenCvXamarin\OpenCvXamarin.csproj", "{BFFD384C-3132-45E7-B476-D5DE61E3AFEB}"
EndProject
Global
	GlobalSection(SolutionConfigurationPlatforms) = preSolution
		Debug|Any CPU = Debug|Any CPU
		Release|Any CPU = Release|Any CPU
	EndGlobalSection
	GlobalSection(ProjectConfigurationPlatforms) = postSolution
		{BFFD384C-3132-45E7-B476-D5DE61E3AFEB}.Debug|Any CPU.ActiveCfg = Debug|Any CPU
		{BFFD384C-3132-45E7-B476-D5DE61E3AFEB}.Debug|Any CPU.Build.0 = Debug|Any CPU
		{BFFD384C-3132-45E7-B476-D5DE61E3AFEB}.Debug|Any CPU.Deploy.0 = Debug|Any CPU
		{BFFD384C-3132-45E7-B476-D5DE61E3AFEB}.Release|Any CPU.ActiveCfg = Release|Any CPU
		{BFFD384C-3132-45E7-B476-D5DE61E3AFEB}.Release|Any CPU.Build.0 = Release|Any CPU
		{BFFD384C-3132-45E7-B476-D5DE61E3AFEB}.Release|Any CPU.Deploy.0 = Release|Any CPU
	EndGlobalSection
	GlobalSection(SolutionProperties) = preSolution
		HideSolutionNode = FALSE
	EndGlobalSection
	GlobalSection(ExtensibilityGlobals) = postSolution
		SolutionGuid = {70FEED88-2D13-4ED2-AA73-D2C8AEC4E4FD}
	EndGlobalSection
EndGlobal
